{
    "_meta": {
        "hash": {
            "sha256": "425a553275d4b69c904f0789e9572ccce82c6d28537e41bbdad48303e4e65f01"
        },
        "host-environment-markers": {
            "implementation_name": "cpython",
            "implementation_version": "3.6.3",
            "os_name": "posix",
            "platform_machine": "x86_64",
            "platform_python_implementation": "CPython",
            "platform_release": "17.2.0",
            "platform_system": "Darwin",
            "platform_version": "Darwin Kernel Version 17.2.0: Fri Sep 29 18:27:05 PDT 2017; root:xnu-4570.20.62~3/RELEASE_X86_64",
            "python_full_version": "3.6.3",
            "python_version": "3.6",
            "sys_platform": "darwin"
        },
        "pipfile-spec": 6,
        "requires": {},
        "sources": [
            {
                "name": "pypi",
                "url": "https://pypi.python.org/simple",
                "verify_ssl": true
            }
        ]
    },
    "default": {
        "jsonpickle": {
            "hashes": [
                "sha256:cc25dc79571d4ad7db59d05ddb7de0d76a8d598cf6136e1dbeaa9361ebcfe749"
            ],
            "version": "==0.9.5"
        }
    },
    "develop": {}
}
